
Microsoft Visual Studio Solution File, Format Version 12.00
# Visual Studio 15
VisualStudioVersion = 15.0.26430.13
MinimumVisualStudioVersion = 10.0.40219.1
Project("{2150E333-8FDC-42A3-9474-1A3956D46DE8}") = "Source", "Source", "{B1F7FA99-081A-463F-A482-BDBE5FA00E76}"
EndProject
Project("{2150E333-8FDC-42A3-9474-1A3956D46DE8}") = "Artifacts", "Artifacts", "{CC61EEA1-1DD7-42F5-89D6-65337C769E35}"
	ProjectSection(SolutionItems) = preProject
		Features.md = Features.md
		ReadMe.md = ReadMe.md
		Spec.md = Spec.md
	EndProjectSection
EndProject
Global
	GlobalSection(SolutionProperties) = preSolution
		HideSolutionNode = FALSE
	EndGlobalSection
EndGlobal
