
Microsoft Visual Studio Solution File, Format Version 12.00
# Visual Studio 15
VisualStudioVersion = 15.0.26430.14
MinimumVisualStudioVersion = 10.0.40219.1
Project("{2150E333-8FDC-42A3-9474-1A3956D46DE8}") = "Source", "Source", "{B1F7FA99-081A-463F-A482-BDBE5FA00E76}"
EndProject
Project("{2150E333-8FDC-42A3-9474-1A3956D46DE8}") = "Artifacts", "Artifacts", "{CC61EEA1-1DD7-42F5-89D6-65337C769E35}"
	ProjectSection(SolutionItems) = preProject
		Features.md = Features.md
		ReactiveSpec.md = ReactiveSpec.md
		ReadMe.md = ReadMe.md
		Spec.md = Spec.md
	EndProjectSection
EndProject
Project("{FAE04EC0-301F-11D3-BF4B-00C04F79EFBC}") = "Chat", "Source\Chat\Chat.csproj", "{C4621508-4322-43FB-915B-48C769F632ED}"
EndProject
Global
	GlobalSection(SolutionConfigurationPlatforms) = preSolution
		Debug|Any CPU = Debug|Any CPU
		Release|Any CPU = Release|Any CPU
	EndGlobalSection
	GlobalSection(ProjectConfigurationPlatforms) = postSolution
		{C4621508-4322-43FB-915B-48C769F632ED}.Debug|Any CPU.ActiveCfg = Debug|Any CPU
		{C4621508-4322-43FB-915B-48C769F632ED}.Debug|Any CPU.Build.0 = Debug|Any CPU
		{C4621508-4322-43FB-915B-48C769F632ED}.Release|Any CPU.ActiveCfg = Release|Any CPU
		{C4621508-4322-43FB-915B-48C769F632ED}.Release|Any CPU.Build.0 = Release|Any CPU
	EndGlobalSection
	GlobalSection(SolutionProperties) = preSolution
		HideSolutionNode = FALSE
	EndGlobalSection
	GlobalSection(NestedProjects) = preSolution
		{C4621508-4322-43FB-915B-48C769F632ED} = {B1F7FA99-081A-463F-A482-BDBE5FA00E76}
	EndGlobalSection
EndGlobal
